// !$*UTF8*$!
{
	archiveVersion = 1;
	classes = {
	};
	objectVersion = 48;
	objects = {

/* Begin PBXBuildFile section */
		5D3006852016FAF90065C761 /* main.cpp in Sources */ = {isa = PBXBuildFile; fileRef = 5D3006842016FAF90065C761 /* main.cpp */; };
		5D30068D201701370065C761 /* Board.cpp in Sources */ = {isa = PBXBuildFile; fileRef = 5D30068B201701370065C761 /* Board.cpp */; };
		5D300690201701420065C761 /* Player.cpp in Sources */ = {isa = PBXBuildFile; fileRef = 5D30068E201701420065C761 /* Player.cpp */; };
		5D3006932017014D0065C761 /* Computer.cpp in Sources */ = {isa = PBXBuildFile; fileRef = 5D3006912017014D0065C761 /* Computer.cpp */; };
		5D300696201701530065C761 /* Human.cpp in Sources */ = {isa = PBXBuildFile; fileRef = 5D300694201701530065C761 /* Human.cpp */; };
		5D3006992017A45B0065C761 /* Tournament.cpp in Sources */ = {isa = PBXBuildFile; fileRef = 5D3006972017A45B0065C761 /* Tournament.cpp */; };
		5D30069F2017A48A0065C761 /* BoardView.cpp in Sources */ = {isa = PBXBuildFile; fileRef = 5D30069D2017A48A0065C761 /* BoardView.cpp */; };
		5D3C1D78203F6AF300A41522 /* Direction.cpp in Sources */ = {isa = PBXBuildFile; fileRef = 5D3C1D77203F6AF300A41522 /* Direction.cpp */; };
		9C127C502041F23400963871 /* FileWriter.cpp in Sources */ = {isa = PBXBuildFile; fileRef = 9C127C4E2041F23400963871 /* FileWriter.cpp */; };
		9C127C552042179C00963871 /* Round.cpp in Sources */ = {isa = PBXBuildFile; fileRef = 9C127C532042179C00963871 /* Round.cpp */; };
		9CFC7A572040B13E007C437C /* FileReader.cpp in Sources */ = {isa = PBXBuildFile; fileRef = 9CFC7A552040B13E007C437C /* FileReader.cpp */; };
/* End PBXBuildFile section */

/* Begin PBXCopyFilesBuildPhase section */
		5D30067F2016FAF90065C761 /* CopyFiles */ = {
			isa = PBXCopyFilesBuildPhase;
			buildActionMask = 2147483647;
			dstPath = /usr/share/man/man1/;
			dstSubfolderSpec = 0;
			files = (
			);
			runOnlyForDeploymentPostprocessing = 1;
		};
/* End PBXCopyFilesBuildPhase section */

/* Begin PBXFileReference section */
		5D3006812016FAF90065C761 /* Kono */ = {isa = PBXFileReference; explicitFileType = "compiled.mach-o.executable"; includeInIndex = 0; path = Kono; sourceTree = BUILT_PRODUCTS_DIR; };
		5D3006842016FAF90065C761 /* main.cpp */ = {isa = PBXFileReference; lastKnownFileType = sourcecode.cpp.cpp; path = main.cpp; sourceTree = "<group>"; };
		5D30068B201701370065C761 /* Board.cpp */ = {isa = PBXFileReference; lastKnownFileType = sourcecode.cpp.cpp; path = Board.cpp; sourceTree = "<group>"; };
		5D30068C201701370065C761 /* Board.hpp */ = {isa = PBXFileReference; lastKnownFileType = sourcecode.cpp.h; path = Board.hpp; sourceTree = "<group>"; };
		5D30068E201701420065C761 /* Player.cpp */ = {isa = PBXFileReference; lastKnownFileType = sourcecode.cpp.cpp; path = Player.cpp; sourceTree = "<group>"; };
		5D30068F201701420065C761 /* Player.hpp */ = {isa = PBXFileReference; lastKnownFileType = sourcecode.cpp.h; path = Player.hpp; sourceTree = "<group>"; };
		5D3006912017014D0065C761 /* Computer.cpp */ = {isa = PBXFileReference; lastKnownFileType = sourcecode.cpp.cpp; path = Computer.cpp; sourceTree = "<group>"; };
		5D3006922017014D0065C761 /* Computer.hpp */ = {isa = PBXFileReference; lastKnownFileType = sourcecode.cpp.h; path = Computer.hpp; sourceTree = "<group>"; };
		5D300694201701530065C761 /* Human.cpp */ = {isa = PBXFileReference; lastKnownFileType = sourcecode.cpp.cpp; path = Human.cpp; sourceTree = "<group>"; };
		5D300695201701530065C761 /* Human.hpp */ = {isa = PBXFileReference; lastKnownFileType = sourcecode.cpp.h; path = Human.hpp; sourceTree = "<group>"; };
		5D3006972017A45B0065C761 /* Tournament.cpp */ = {isa = PBXFileReference; lastKnownFileType = sourcecode.cpp.cpp; path = Tournament.cpp; sourceTree = "<group>"; };
		5D3006982017A45B0065C761 /* Tournament.hpp */ = {isa = PBXFileReference; lastKnownFileType = sourcecode.cpp.h; path = Tournament.hpp; sourceTree = "<group>"; };
		5D30069D2017A48A0065C761 /* BoardView.cpp */ = {isa = PBXFileReference; lastKnownFileType = sourcecode.cpp.cpp; path = BoardView.cpp; sourceTree = "<group>"; };
		5D30069E2017A48A0065C761 /* BoardView.hpp */ = {isa = PBXFileReference; lastKnownFileType = sourcecode.cpp.h; path = BoardView.hpp; sourceTree = "<group>"; };
		5D3C1D77203F6AF300A41522 /* Direction.cpp */ = {isa = PBXFileReference; lastKnownFileType = sourcecode.cpp.cpp; path = Direction.cpp; sourceTree = "<group>"; };
		9C127C4E2041F23400963871 /* FileWriter.cpp */ = {isa = PBXFileReference; lastKnownFileType = sourcecode.cpp.cpp; path = FileWriter.cpp; sourceTree = "<group>"; };
		9C127C4F2041F23400963871 /* FileWriter.hpp */ = {isa = PBXFileReference; lastKnownFileType = sourcecode.cpp.h; path = FileWriter.hpp; sourceTree = "<group>"; };
		9C127C532042179C00963871 /* Round.cpp */ = {isa = PBXFileReference; lastKnownFileType = sourcecode.cpp.cpp; path = Round.cpp; sourceTree = "<group>"; };
		9C127C542042179C00963871 /* Round.hpp */ = {isa = PBXFileReference; lastKnownFileType = sourcecode.cpp.h; path = Round.hpp; sourceTree = "<group>"; };
		9CFC7A552040B13E007C437C /* FileReader.cpp */ = {isa = PBXFileReference; lastKnownFileType = sourcecode.cpp.cpp; path = FileReader.cpp; sourceTree = "<group>"; };
		9CFC7A562040B13E007C437C /* FileReader.hpp */ = {isa = PBXFileReference; lastKnownFileType = sourcecode.cpp.h; path = FileReader.hpp; sourceTree = "<group>"; };
/* End PBXFileReference section */

/* Begin PBXFrameworksBuildPhase section */
		5D30067E2016FAF90065C761 /* Frameworks */ = {
			isa = PBXFrameworksBuildPhase;
			buildActionMask = 2147483647;
			files = (
			);
			runOnlyForDeploymentPostprocessing = 0;
		};
/* End PBXFrameworksBuildPhase section */

/* Begin PBXGroup section */
		5D3006782016FAF90065C761 = {
			isa = PBXGroup;
			children = (
				5D3006832016FAF90065C761 /* Kono */,
				5D3006822016FAF90065C761 /* Products */,
			);
			sourceTree = "<group>";
		};
		5D3006822016FAF90065C761 /* Products */ = {
			isa = PBXGroup;
			children = (
				5D3006812016FAF90065C761 /* Kono */,
			);
			name = Products;
			sourceTree = "<group>";
		};
		5D3006832016FAF90065C761 /* Kono */ = {
			isa = PBXGroup;
			children = (
				5D3006842016FAF90065C761 /* main.cpp */,
				5D3006982017A45B0065C761 /* Tournament.hpp */,
				5D3006972017A45B0065C761 /* Tournament.cpp */,
				9C127C532042179C00963871 /* Round.cpp */,
				9C127C542042179C00963871 /* Round.hpp */,
				5D30068C201701370065C761 /* Board.hpp */,
				5D30068B201701370065C761 /* Board.cpp */,
				5D300695201701530065C761 /* Human.hpp */,
				5D300694201701530065C761 /* Human.cpp */,
				5D3006922017014D0065C761 /* Computer.hpp */,
				5D3006912017014D0065C761 /* Computer.cpp */,
				5D30068F201701420065C761 /* Player.hpp */,
				5D30068E201701420065C761 /* Player.cpp */,
				5D30069E2017A48A0065C761 /* BoardView.hpp */,
				5D30069D2017A48A0065C761 /* BoardView.cpp */,
				5D3C1D77203F6AF300A41522 /* Direction.cpp */,
				9CFC7A562040B13E007C437C /* FileReader.hpp */,
				9CFC7A552040B13E007C437C /* FileReader.cpp */,
				9C127C4E2041F23400963871 /* FileWriter.cpp */,
				9C127C4F2041F23400963871 /* FileWriter.hpp */,
			);
			path = Kono;
			sourceTree = "<group>";
		};
/* End PBXGroup section */

/* Begin PBXNativeTarget section */
		5D3006802016FAF90065C761 /* Kono */ = {
			isa = PBXNativeTarget;
			buildConfigurationList = 5D3006882016FAF90065C761 /* Build configuration list for PBXNativeTarget "Kono" */;
			buildPhases = (
				5D30067D2016FAF90065C761 /* Sources */,
				5D30067E2016FAF90065C761 /* Frameworks */,
				5D30067F2016FAF90065C761 /* CopyFiles */,
			);
			buildRules = (
			);
			dependencies = (
			);
			name = Kono;
			productName = Kono;
			productReference = 5D3006812016FAF90065C761 /* Kono */;
			productType = "com.apple.product-type.tool";
		};
/* End PBXNativeTarget section */

/* Begin PBXProject section */
		5D3006792016FAF90065C761 /* Project object */ = {
			isa = PBXProject;
			attributes = {
				LastUpgradeCheck = 0920;
				ORGANIZATIONNAME = "Ryan Temple";
				TargetAttributes = {
					5D3006802016FAF90065C761 = {
						CreatedOnToolsVersion = 9.2;
						ProvisioningStyle = Automatic;
					};
				};
			};
			buildConfigurationList = 5D30067C2016FAF90065C761 /* Build configuration list for PBXProject "Kono" */;
			compatibilityVersion = "Xcode 8.0";
			developmentRegion = en;
			hasScannedForEncodings = 0;
			knownRegions = (
				en,
			);
			mainGroup = 5D3006782016FAF90065C761;
			productRefGroup = 5D3006822016FAF90065C761 /* Products */;
			projectDirPath = "";
			projectRoot = "";
			targets = (
				5D3006802016FAF90065C761 /* Kono */,
			);
		};
/* End PBXProject section */

/* Begin PBXSourcesBuildPhase section */
		5D30067D2016FAF90065C761 /* Sources */ = {
			isa = PBXSourcesBuildPhase;
			buildActionMask = 2147483647;
			files = (
				5D3006932017014D0065C761 /* Computer.cpp in Sources */,
				9C127C552042179C00963871 /* Round.cpp in Sources */,
				5D30069F2017A48A0065C761 /* BoardView.cpp in Sources */,
				5D30068D201701370065C761 /* Board.cpp in Sources */,
				9C127C502041F23400963871 /* FileWriter.cpp in Sources */,
				5D3006992017A45B0065C761 /* Tournament.cpp in Sources */,
				9CFC7A572040B13E007C437C /* FileReader.cpp in Sources */,
				5D3006852016FAF90065C761 /* main.cpp in Sources */,
				5D300690201701420065C761 /* Player.cpp in Sources */,
				5D300696201701530065C761 /* Human.cpp in Sources */,
				5D3C1D78203F6AF300A41522 /* Direction.cpp in Sources */,
			);
			runOnlyForDeploymentPostprocessing = 0;
		};
/* End PBXSourcesBuildPhase section */

/* Begin XCBuildConfiguration section */
		5D3006862016FAF90065C761 /* Debug */ = {
			isa = XCBuildConfiguration;
			buildSettings = {
				ALWAYS_SEARCH_USER_PATHS = NO;
				CLANG_ANALYZER_NONNULL = YES;
				CLANG_ANALYZER_NUMBER_OBJECT_CONVERSION = YES_AGGRESSIVE;
				CLANG_CXX_LANGUAGE_STANDARD = "gnu++14";
				CLANG_CXX_LIBRARY = "libc++";
				CLANG_ENABLE_MODULES = YES;
				CLANG_ENABLE_OBJC_ARC = YES;
				CLANG_WARN_BLOCK_CAPTURE_AUTORELEASING = YES;
				CLANG_WARN_BOOL_CONVERSION = YES;
				CLANG_WARN_COMMA = YES;
				CLANG_WARN_CONSTANT_CONVERSION = YES;
				CLANG_WARN_DIRECT_OBJC_ISA_USAGE = YES_ERROR;
				CLANG_WARN_DOCUMENTATION_COMMENTS = YES;
				CLANG_WARN_EMPTY_BODY = YES;
				CLANG_WARN_ENUM_CONVERSION = YES;
				CLANG_WARN_INFINITE_RECURSION = YES;
				CLANG_WARN_INT_CONVERSION = YES;
				CLANG_WARN_NON_LITERAL_NULL_CONVERSION = YES;
				CLANG_WARN_OBJC_LITERAL_CONVERSION = YES;
				CLANG_WARN_OBJC_ROOT_CLASS = YES_ERROR;
				CLANG_WARN_RANGE_LOOP_ANALYSIS = YES;
				CLANG_WARN_STRICT_PROTOTYPES = YES;
				CLANG_WARN_SUSPICIOUS_MOVE = YES;
				CLANG_WARN_UNGUARDED_AVAILABILITY = YES_AGGRESSIVE;
				CLANG_WARN_UNREACHABLE_CODE = YES;
				CLANG_WARN__DUPLICATE_METHOD_MATCH = YES;
				CODE_SIGN_IDENTITY = "Mac Developer";
				COPY_PHASE_STRIP = NO;
				DEBUG_INFORMATION_FORMAT = dwarf;
				ENABLE_STRICT_OBJC_MSGSEND = YES;
				ENABLE_TESTABILITY = YES;
				GCC_C_LANGUAGE_STANDARD = gnu11;
				GCC_DYNAMIC_NO_PIC = NO;
				GCC_NO_COMMON_BLOCKS = YES;
				GCC_OPTIMIZATION_LEVEL = 0;
				GCC_PREPROCESSOR_DEFINITIONS = (
					"DEBUG=1",
					"$(inherited)",
				);
				GCC_WARN_64_TO_32_BIT_CONVERSION = YES;
				GCC_WARN_ABOUT_RETURN_TYPE = YES_ERROR;
				GCC_WARN_UNDECLARED_SELECTOR = YES;
				GCC_WARN_UNINITIALIZED_AUTOS = YES_AGGRESSIVE;
				GCC_WARN_UNUSED_FUNCTION = YES;
				GCC_WARN_UNUSED_VARIABLE = YES;
				MACOSX_DEPLOYMENT_TARGET = 10.12;
				MTL_ENABLE_DEBUG_INFO = YES;
				ONLY_ACTIVE_ARCH = YES;
				SDKROOT = macosx;
			};
			name = Debug;
		};
		5D3006872016FAF90065C761 /* Release */ = {
			isa = XCBuildConfiguration;
			buildSettings = {
				ALWAYS_SEARCH_USER_PATHS = NO;
				CLANG_ANALYZER_NONNULL = YES;
				CLANG_ANALYZER_NUMBER_OBJECT_CONVERSION = YES_AGGRESSIVE;
				CLANG_CXX_LANGUAGE_STANDARD = "gnu++14";
				CLANG_CXX_LIBRARY = "libc++";
				CLANG_ENABLE_MODULES = YES;
				CLANG_ENABLE_OBJC_ARC = YES;
				CLANG_WARN_BLOCK_CAPTURE_AUTORELEASING = YES;
				CLANG_WARN_BOOL_CONVERSION = YES;
				CLANG_WARN_COMMA = YES;
				CLANG_WARN_CONSTANT_CONVERSION = YES;
				CLANG_WARN_DIRECT_OBJC_ISA_USAGE = YES_ERROR;
				CLANG_WARN_DOCUMENTATION_COMMENTS = YES;
				CLANG_WARN_EMPTY_BODY = YES;
				CLANG_WARN_ENUM_CONVERSION = YES;
				CLANG_WARN_INFINITE_RECURSION = YES;
				CLANG_WARN_INT_CONVERSION = YES;
				CLANG_WARN_NON_LITERAL_NULL_CONVERSION = YES;
				CLANG_WARN_OBJC_LITERAL_CONVERSION = YES;
				CLANG_WARN_OBJC_ROOT_CLASS = YES_ERROR;
				CLANG_WARN_RANGE_LOOP_ANALYSIS = YES;
				CLANG_WARN_STRICT_PROTOTYPES = YES;
				CLANG_WARN_SUSPICIOUS_MOVE = YES;
				CLANG_WARN_UNGUARDED_AVAILABILITY = YES_AGGRESSIVE;
				CLANG_WARN_UNREACHABLE_CODE = YES;
				CLANG_WARN__DUPLICATE_METHOD_MATCH = YES;
				CODE_SIGN_IDENTITY = "Mac Developer";
				COPY_PHASE_STRIP = NO;
				DEBUG_INFORMATION_FORMAT = "dwarf-with-dsym";
				ENABLE_NS_ASSERTIONS = NO;
				ENABLE_STRICT_OBJC_MSGSEND = YES;
				GCC_C_LANGUAGE_STANDARD = gnu11;
				GCC_NO_COMMON_BLOCKS = YES;
				GCC_WARN_64_TO_32_BIT_CONVERSION = YES;
				GCC_WARN_ABOUT_RETURN_TYPE = YES_ERROR;
				GCC_WARN_UNDECLARED_SELECTOR = YES;
				GCC_WARN_UNINITIALIZED_AUTOS = YES_AGGRESSIVE;
				GCC_WARN_UNUSED_FUNCTION = YES;
				GCC_WARN_UNUSED_VARIABLE = YES;
				MACOSX_DEPLOYMENT_TARGET = 10.12;
				MTL_ENABLE_DEBUG_INFO = NO;
				SDKROOT = macosx;
			};
			name = Release;
		};
		5D3006892016FAF90065C761 /* Debug */ = {
			isa = XCBuildConfiguration;
			buildSettings = {
				CODE_SIGN_STYLE = Automatic;
				DEVELOPMENT_TEAM = 4B2232Q834;
				PRODUCT_NAME = "$(TARGET_NAME)";
			};
			name = Debug;
		};
		5D30068A2016FAF90065C761 /* Release */ = {
			isa = XCBuildConfiguration;
			buildSettings = {
				CODE_SIGN_STYLE = Automatic;
				DEVELOPMENT_TEAM = 4B2232Q834;
				PRODUCT_NAME = "$(TARGET_NAME)";
			};
			name = Release;
		};
/* End XCBuildConfiguration section */

/* Begin XCConfigurationList section */
		5D30067C2016FAF90065C761 /* Build configuration list for PBXProject "Kono" */ = {
			isa = XCConfigurationList;
			buildConfigurations = (
				5D3006862016FAF90065C761 /* Debug */,
				5D3006872016FAF90065C761 /* Release */,
			);
			defaultConfigurationIsVisible = 0;
			defaultConfigurationName = Release;
		};
		5D3006882016FAF90065C761 /* Build configuration list for PBXNativeTarget "Kono" */ = {
			isa = XCConfigurationList;
			buildConfigurations = (
				5D3006892016FAF90065C761 /* Debug */,
				5D30068A2016FAF90065C761 /* Release */,
			);
			defaultConfigurationIsVisible = 0;
			defaultConfigurationName = Release;
		};
/* End XCConfigurationList section */
	};
	rootObject = 5D3006792016FAF90065C761 /* Project object */;
}
